
Microsoft Visual Studio Solution File, Format Version 12.00
# Visual Studio Version 17
VisualStudioVersion = 17.0.31808.319
MinimumVisualStudioVersion = 10.0.40219.1
Project("{FAE04EC0-301F-11D3-BF4B-00C04F79EFBC}") = "DotNetSixApiCrudApp", "DotNetSixApiCrudApp\DotNetSixApiCrudApp.csproj", "{3DB62EA1-002F-4C8E-BC84-5457109E525B}"
EndProject
Global
	GlobalSection(SolutionConfigurationPlatforms) = preSolution
		Debug|Any CPU = Debug|Any CPU
		Release|Any CPU = Release|Any CPU
	EndGlobalSection
	GlobalSection(ProjectConfigurationPlatforms) = postSolution
		{3DB62EA1-002F-4C8E-BC84-5457109E525B}.Debug|Any CPU.ActiveCfg = Debug|Any CPU
		{3DB62EA1-002F-4C8E-BC84-5457109E525B}.Debug|Any CPU.Build.0 = Debug|Any CPU
		{3DB62EA1-002F-4C8E-BC84-5457109E525B}.Release|Any CPU.ActiveCfg = Release|Any CPU
		{3DB62EA1-002F-4C8E-BC84-5457109E525B}.Release|Any CPU.Build.0 = Release|Any CPU
	EndGlobalSection
	GlobalSection(SolutionProperties) = preSolution
		HideSolutionNode = FALSE
	EndGlobalSection
	GlobalSection(ExtensibilityGlobals) = postSolution
		SolutionGuid = {750C8BFA-BDD5-4834-8096-0D6B98E3B34D}
	EndGlobalSection
EndGlobal
